
Microsoft Visual Studio Solution File, Format Version 12.00
# Visual Studio 14
VisualStudioVersion = 14.0.23107.0
MinimumVisualStudioVersion = 10.0.40219.1
Project("{8BC9CEB8-8B4A-11D0-8D11-00A0C91BC942}") = "PRIORITY", "ECBS.vcxproj", "{8F6F8BEF-28AF-434E-B9D2-9C72FBB03BB6}"
EndProject
Project("{8BC9CEB8-8B4A-11D0-8D11-00A0C91BC942}") = "CBSH", "CBSH\CBSH.vcxproj", "{86725CF3-233A-4B4B-89CB-BE9A62CA56CE}"
EndProject
Project("{8BC9CEB8-8B4A-11D0-8D11-00A0C91BC942}") = "PRIORITY_G", "PRIORITY_G\PRIORITY_G.vcxproj", "{2968BE2B-D007-488E-B3CF-114BDAE5FBA4}"
EndProject
Project("{8BC9CEB8-8B4A-11D0-8D11-00A0C91BC942}") = "CBSH_G", "CBSH_G\CBSH_G.vcxproj", "{9D0A26E6-21F6-4773-8F68-CEA98FCE6AF0}"
EndProject
Project("{8BC9CEB8-8B4A-11D0-8D11-00A0C91BC942}") = "FIX", "FIX\FIX.vcxproj", "{FFD5E201-1AE4-46C5-9A0D-E14EE48F6E09}"
EndProject
Project("{8BC9CEB8-8B4A-11D0-8D11-00A0C91BC942}") = "FIX_G", "FIX_G\FIX_G.vcxproj", "{F89C9036-8D0C-4E44-8DC1-FF7F524EF9A7}"
EndProject
Global
	GlobalSection(SolutionConfigurationPlatforms) = preSolution
		Debug|x64 = Debug|x64
		Debug|x86 = Debug|x86
		Release|x64 = Release|x64
		Release|x86 = Release|x86
	EndGlobalSection
	GlobalSection(ProjectConfigurationPlatforms) = postSolution
		{8F6F8BEF-28AF-434E-B9D2-9C72FBB03BB6}.Debug|x64.ActiveCfg = Debug|x64
		{8F6F8BEF-28AF-434E-B9D2-9C72FBB03BB6}.Debug|x64.Build.0 = Debug|x64
		{8F6F8BEF-28AF-434E-B9D2-9C72FBB03BB6}.Debug|x86.ActiveCfg = Debug|Win32
		{8F6F8BEF-28AF-434E-B9D2-9C72FBB03BB6}.Debug|x86.Build.0 = Debug|Win32
		{8F6F8BEF-28AF-434E-B9D2-9C72FBB03BB6}.Release|x64.ActiveCfg = Release|x64
		{8F6F8BEF-28AF-434E-B9D2-9C72FBB03BB6}.Release|x64.Build.0 = Release|x64
		{8F6F8BEF-28AF-434E-B9D2-9C72FBB03BB6}.Release|x86.ActiveCfg = Release|Win32
		{8F6F8BEF-28AF-434E-B9D2-9C72FBB03BB6}.Release|x86.Build.0 = Release|Win32
		{86725CF3-233A-4B4B-89CB-BE9A62CA56CE}.Debug|x64.ActiveCfg = Debug|x64
		{86725CF3-233A-4B4B-89CB-BE9A62CA56CE}.Debug|x64.Build.0 = Debug|x64
		{86725CF3-233A-4B4B-89CB-BE9A62CA56CE}.Debug|x86.ActiveCfg = Debug|Win32
		{86725CF3-233A-4B4B-89CB-BE9A62CA56CE}.Debug|x86.Build.0 = Debug|Win32
		{86725CF3-233A-4B4B-89CB-BE9A62CA56CE}.Release|x64.ActiveCfg = Release|x64
		{86725CF3-233A-4B4B-89CB-BE9A62CA56CE}.Release|x64.Build.0 = Release|x64
		{86725CF3-233A-4B4B-89CB-BE9A62CA56CE}.Release|x86.ActiveCfg = Release|Win32
		{86725CF3-233A-4B4B-89CB-BE9A62CA56CE}.Release|x86.Build.0 = Release|Win32
		{2968BE2B-D007-488E-B3CF-114BDAE5FBA4}.Debug|x64.ActiveCfg = Debug|x64
		{2968BE2B-D007-488E-B3CF-114BDAE5FBA4}.Debug|x64.Build.0 = Debug|x64
		{2968BE2B-D007-488E-B3CF-114BDAE5FBA4}.Debug|x86.ActiveCfg = Debug|Win32
		{2968BE2B-D007-488E-B3CF-114BDAE5FBA4}.Debug|x86.Build.0 = Debug|Win32
		{2968BE2B-D007-488E-B3CF-114BDAE5FBA4}.Release|x64.ActiveCfg = Release|x64
		{2968BE2B-D007-488E-B3CF-114BDAE5FBA4}.Release|x64.Build.0 = Release|x64
		{2968BE2B-D007-488E-B3CF-114BDAE5FBA4}.Release|x86.ActiveCfg = Release|Win32
		{2968BE2B-D007-488E-B3CF-114BDAE5FBA4}.Release|x86.Build.0 = Release|Win32
		{9D0A26E6-21F6-4773-8F68-CEA98FCE6AF0}.Debug|x64.ActiveCfg = Debug|x64
		{9D0A26E6-21F6-4773-8F68-CEA98FCE6AF0}.Debug|x64.Build.0 = Debug|x64
		{9D0A26E6-21F6-4773-8F68-CEA98FCE6AF0}.Debug|x86.ActiveCfg = Debug|Win32
		{9D0A26E6-21F6-4773-8F68-CEA98FCE6AF0}.Debug|x86.Build.0 = Debug|Win32
		{9D0A26E6-21F6-4773-8F68-CEA98FCE6AF0}.Release|x64.ActiveCfg = Release|x64
		{9D0A26E6-21F6-4773-8F68-CEA98FCE6AF0}.Release|x64.Build.0 = Release|x64
		{9D0A26E6-21F6-4773-8F68-CEA98FCE6AF0}.Release|x86.ActiveCfg = Release|Win32
		{9D0A26E6-21F6-4773-8F68-CEA98FCE6AF0}.Release|x86.Build.0 = Release|Win32
		{FFD5E201-1AE4-46C5-9A0D-E14EE48F6E09}.Debug|x64.ActiveCfg = Debug|x64
		{FFD5E201-1AE4-46C5-9A0D-E14EE48F6E09}.Debug|x64.Build.0 = Debug|x64
		{FFD5E201-1AE4-46C5-9A0D-E14EE48F6E09}.Debug|x86.ActiveCfg = Debug|Win32
		{FFD5E201-1AE4-46C5-9A0D-E14EE48F6E09}.Debug|x86.Build.0 = Debug|Win32
		{FFD5E201-1AE4-46C5-9A0D-E14EE48F6E09}.Release|x64.ActiveCfg = Release|x64
		{FFD5E201-1AE4-46C5-9A0D-E14EE48F6E09}.Release|x64.Build.0 = Release|x64
		{FFD5E201-1AE4-46C5-9A0D-E14EE48F6E09}.Release|x86.ActiveCfg = Release|Win32
		{FFD5E201-1AE4-46C5-9A0D-E14EE48F6E09}.Release|x86.Build.0 = Release|Win32
		{F89C9036-8D0C-4E44-8DC1-FF7F524EF9A7}.Debug|x64.ActiveCfg = Debug|x64
		{F89C9036-8D0C-4E44-8DC1-FF7F524EF9A7}.Debug|x64.Build.0 = Debug|x64
		{F89C9036-8D0C-4E44-8DC1-FF7F524EF9A7}.Debug|x86.ActiveCfg = Debug|Win32
		{F89C9036-8D0C-4E44-8DC1-FF7F524EF9A7}.Debug|x86.Build.0 = Debug|Win32
		{F89C9036-8D0C-4E44-8DC1-FF7F524EF9A7}.Release|x64.ActiveCfg = Release|x64
		{F89C9036-8D0C-4E44-8DC1-FF7F524EF9A7}.Release|x64.Build.0 = Release|x64
		{F89C9036-8D0C-4E44-8DC1-FF7F524EF9A7}.Release|x86.ActiveCfg = Release|Win32
		{F89C9036-8D0C-4E44-8DC1-FF7F524EF9A7}.Release|x86.Build.0 = Release|Win32
	EndGlobalSection
	GlobalSection(SolutionProperties) = preSolution
		HideSolutionNode = FALSE
	EndGlobalSection
	GlobalSection(ExtensibilityGlobals) = postSolution
		SolutionGuid = {E77500CA-06EE-4623-A3FB-5D7C42EFDF7C}
	EndGlobalSection
EndGlobal
