<?xml version="1.0" encoding="utf-8"?>
<Project ToolsVersion="4.0" xmlns="http://schemas.microsoft.com/developer/msbuild/2003">
  <ItemGroup>
    <Filter Include="Source Files">
      <UniqueIdentifier>{4FC737F1-C7A5-4376-A066-2A32D752A2FF}</UniqueIdentifier>
      <Extensions>cpp;c;cc;cxx;def;odl;idl;hpj;bat;asm;asmx</Extensions>
    </Filter>
    <Filter Include="Header Files">
      <UniqueIdentifier>{93995380-89BD-4b04-88EB-625FBE52EBFB}</UniqueIdentifier>
      <Extensions>h;hh;hpp;hxx;hm;inl;inc;xsd</Extensions>
    </Filter>
    <Filter Include="Resource Files">
      <UniqueIdentifier>{67DA6AB6-F800-4c08-8B7A-83BB121AAD01}</UniqueIdentifier>
      <Extensions>rc;ico;cur;bmp;dlg;rc2;rct;bin;rgs;gif;jpg;jpeg;jpe;resx;tiff;tif;png;wav;mfcribbon-ms</Extensions>
    </Filter>
  </ItemGroup>
  <ItemGroup>
    <ClCompile Include="agents_loader.cpp">
      <Filter>Source Files</Filter>
    </ClCompile>
    <ClCompile Include="compute_heuristic.cpp">
      <Filter>Source Files</Filter>
    </ClCompile>
    <ClCompile Include="driver.cpp">
      <Filter>Source Files</Filter>
    </ClCompile>
    <ClCompile Include="ecbs_node.cpp">
      <Filter>Source Files</Filter>
    </ClCompile>
    <ClCompile Include="ecbs_search.cpp">
      <Filter>Source Files</Filter>
    </ClCompile>
    <ClCompile Include="egraph_reader.cpp">
      <Filter>Source Files</Filter>
    </ClCompile>
    <ClCompile Include="map_loader.cpp">
      <Filter>Source Files</Filter>
    </ClCompile>
    <ClCompile Include="node.cpp">
      <Filter>Source Files</Filter>
    </ClCompile>
    <ClCompile Include="epea_search.cpp">
      <Filter>Source Files</Filter>
    </ClCompile>
    <ClCompile Include="epea_node.cpp">
      <Filter>Source Files</Filter>
    </ClCompile>
    <ClCompile Include="ICBSSearch.cpp">
      <Filter>Source Files</Filter>
    </ClCompile>
    <ClCompile Include="ICBSNode.cpp">
      <Filter>Source Files</Filter>
    </ClCompile>
    <ClCompile Include="SingleAgentICBS.cpp">
      <Filter>Source Files</Filter>
    </ClCompile>
    <ClCompile Include="LLNode.cpp">
      <Filter>Source Files</Filter>
    </ClCompile>
    <ClCompile Include="single_agent_ecbs.cpp">
      <Filter>Source Files</Filter>
    </ClCompile>
    <ClCompile Include="GICBSNode.cpp">
      <Filter>Source Files</Filter>
    </ClCompile>
    <ClCompile Include="GICBSSearch.cpp">
      <Filter>Source Files</Filter>
    </ClCompile>
  </ItemGroup>
  <ItemGroup>
    <ClInclude Include="agents_loader.h">
      <Filter>Header Files</Filter>
    </ClInclude>
    <ClInclude Include="compute_heuristic.h">
      <Filter>Header Files</Filter>
    </ClInclude>
    <ClInclude Include="ecbs_node.h">
      <Filter>Header Files</Filter>
    </ClInclude>
    <ClInclude Include="ecbs_search.h">
      <Filter>Header Files</Filter>
    </ClInclude>
    <ClInclude Include="egraph_reader.h">
      <Filter>Header Files</Filter>
    </ClInclude>
    <ClInclude Include="map_loader.h">
      <Filter>Header Files</Filter>
    </ClInclude>
    <ClInclude Include="node.h">
      <Filter>Header Files</Filter>
    </ClInclude>
    <ClInclude Include="Timer.hpp">
      <Filter>Header Files</Filter>
    </ClInclude>
    <ClInclude Include="epea_search.h">
      <Filter>Header Files</Filter>
    </ClInclude>
    <ClInclude Include="epea_node.h">
      <Filter>Header Files</Filter>
    </ClInclude>
    <ClInclude Include="ICBSSearch.h">
      <Filter>Header Files</Filter>
    </ClInclude>
    <ClInclude Include="ICBSNode.h">
      <Filter>Header Files</Filter>
    </ClInclude>
    <ClInclude Include="SingleAgentICBS.h">
      <Filter>Header Files</Filter>
    </ClInclude>
    <ClInclude Include="LLNode.h">
      <Filter>Header Files</Filter>
    </ClInclude>
    <ClInclude Include="single_agent_ecbs.h">
      <Filter>Header Files</Filter>
    </ClInclude>
    <ClInclude Include="GICBSNode.h">
      <Filter>Header Files</Filter>
    </ClInclude>
    <ClInclude Include="GICBSSearch.h">
      <Filter>Header Files</Filter>
    </ClInclude>
  </ItemGroup>
</Project>